// !$*UTF8*$!
{
	archiveVersion = 1;
	classes = {
	};
	objectVersion = 42;
	objects = {

/* Begin PBXFileReference section */
		C40FA6150C1937E300B4291F /* Forgery.icns */ = {isa = PBXFileReference; lastKnownFileType = image.icns; path = Forgery.icns; sourceTree = "<group>"; };
		C459F5D80C26DA8C006AEF27 /* info.tiff */ = {isa = PBXFileReference; lastKnownFileType = image.tiff; path = info.tiff; sourceTree = "<group>"; };
		C45CC0340C0A010B00FA59B6 /* ForgeryUndoManager.py */ = {isa = PBXFileReference; fileEncoding = 30; lastKnownFileType = text.script.python; path = ForgeryUndoManager.py; sourceTree = "<group>"; };
		C46230130BD2B87D00A54125 /* sample_map.sceB */ = {isa = PBXFileReference; explicitFileType = text.xml; fileEncoding = 30; path = sample_map.sceB; sourceTree = "<group>"; };
		C47678D20C078DA800333705 /* ForgeryInspector.py */ = {isa = PBXFileReference; fileEncoding = 30; lastKnownFileType = text.script.python; path = ForgeryInspector.py; sourceTree = "<group>"; };
		C486713D0C025B2F007E6FA7 /* ForgeryPalette.nib */ = {isa = PBXFileReference; lastKnownFileType = wrapper.nib; path = ForgeryPalette.nib; sourceTree = "<group>"; };
		C48671430C02684C007E6FA7 /* English */ = {isa = PBXFileReference; lastKnownFileType = wrapper.nib; name = English; path = English.lproj/ForgeryInspector.nib; sourceTree = "<group>"; };
		C49596550BCFCE6A00D4FE05 /* Forgery.app */ = {isa = PBXFileReference; lastKnownFileType = wrapper.application; path = Forgery.app; sourceTree = BUILT_PRODUCTS_DIR; };
		C49596A30BCFD7E900D4FE05 /* ForgeryXMLParser.py */ = {isa = PBXFileReference; fileEncoding = 4; lastKnownFileType = text.script.python; path = ForgeryXMLParser.py; sourceTree = "<group>"; };
		C496AA9D0C26629E0074840E /* info.tiff */ = {isa = PBXFileReference; lastKnownFileType = image.tiff; path = info.tiff; sourceTree = "<group>"; };
		C4983D770C1F1C1300BDACE4 /* ForgeryPoint.py */ = {isa = PBXFileReference; fileEncoding = 30; lastKnownFileType = text.script.python; path = ForgeryPoint.py; sourceTree = "<group>"; };
		C4A11A1F0BD1448100713599 /* ForgeryElements.py */ = {isa = PBXFileReference; fileEncoding = 4; lastKnownFileType = text.script.python; path = ForgeryElements.py; sourceTree = "<group>"; };
		C4A2088C07FFDF390083055D /* English */ = {isa = PBXFileReference; lastKnownFileType = wrapper.nib; name = English; path = English.lproj/ForgeryDocument.nib; sourceTree = "<group>"; };
		C4AAA2E60BFB964B00C21BB6 /* ForgeryMap.py */ = {isa = PBXFileReference; fileEncoding = 30; lastKnownFileType = text.script.python; path = ForgeryMap.py; sourceTree = "<group>"; };
		C4AAA31C0BFBA6D700C21BB6 /* ForgeryCommon.py */ = {isa = PBXFileReference; fileEncoding = 30; lastKnownFileType = text.script.python; path = ForgeryCommon.py; sourceTree = "<group>"; };
		C4AAA36E0BFBF44E00C21BB6 /* ForgeryView.py */ = {isa = PBXFileReference; fileEncoding = 30; lastKnownFileType = text.script.python; path = ForgeryView.py; sourceTree = "<group>"; };
		C4AAA3740BFBF72700C21BB6 /* ForgeryMode.py */ = {isa = PBXFileReference; fileEncoding = 30; lastKnownFileType = text.script.python; path = ForgeryMode.py; sourceTree = "<group>"; };
		C4B992C50C0FA45C002F0480 /* ForgeryCursor.py */ = {isa = PBXFileReference; fileEncoding = 30; lastKnownFileType = text.script.python; path = ForgeryCursor.py; sourceTree = "<group>"; };
		C4B992C80C0FA4D0002F0480 /* ClosedHandCursor.png */ = {isa = PBXFileReference; lastKnownFileType = image.png; path = ClosedHandCursor.png; sourceTree = "<group>"; };
		C4CD59FD0BFD373400A2A172 /* ForgeryDrawMode.py */ = {isa = PBXFileReference; fileEncoding = 30; lastKnownFileType = text.script.python; path = ForgeryDrawMode.py; sourceTree = "<group>"; };
		C4CD5A000BFD381800A2A172 /* ForgeryDrawView.py */ = {isa = PBXFileReference; fileEncoding = 30; lastKnownFileType = text.script.python; path = ForgeryDrawView.py; sourceTree = "<group>"; };
		C4CD5A010BFD381800A2A172 /* ForgeryFillTool.py */ = {isa = PBXFileReference; fileEncoding = 30; lastKnownFileType = text.script.python; path = ForgeryFillTool.py; sourceTree = "<group>"; };
		C4CD5A020BFD381800A2A172 /* ForgeryLineTool.py */ = {isa = PBXFileReference; fileEncoding = 30; lastKnownFileType = text.script.python; path = ForgeryLineTool.py; sourceTree = "<group>"; };
		C4CD5A030BFD381800A2A172 /* ForgeryMenuBar.py */ = {isa = PBXFileReference; fileEncoding = 30; lastKnownFileType = text.script.python; path = ForgeryMenuBar.py; sourceTree = "<group>"; };
		C4CD5A040BFD381800A2A172 /* ForgeryObjectTool.py */ = {isa = PBXFileReference; fileEncoding = 30; lastKnownFileType = text.script.python; path = ForgeryObjectTool.py; sourceTree = "<group>"; };
		C4CD5A050BFD381800A2A172 /* ForgeryPalette.py */ = {isa = PBXFileReference; fileEncoding = 30; lastKnownFileType = text.script.python; path = ForgeryPalette.py; sourceTree = "<group>"; };
		C4CD5A060BFD381800A2A172 /* ForgeryPanTool.py */ = {isa = PBXFileReference; fileEncoding = 30; lastKnownFileType = text.script.python; path = ForgeryPanTool.py; sourceTree = "<group>"; };
		C4CD5A070BFD381800A2A172 /* ForgeryPreferences.py */ = {isa = PBXFileReference; fileEncoding = 30; lastKnownFileType = text.script.python; path = ForgeryPreferences.py; sourceTree = "<group>"; };
		C4CD5A080BFD381800A2A172 /* ForgeryRegularPolygonTool.py */ = {isa = PBXFileReference; fileEncoding = 30; lastKnownFileType = text.script.python; path = ForgeryRegularPolygonTool.py; sourceTree = "<group>"; };
		C4CD5A090BFD381800A2A172 /* ForgerySelectTool.py */ = {isa = PBXFileReference; fileEncoding = 30; lastKnownFileType = text.script.python; path = ForgerySelectTool.py; sourceTree = "<group>"; };
		C4CD5A0A0BFD381800A2A172 /* ForgeryTextTool.py */ = {isa = PBXFileReference; fileEncoding = 30; lastKnownFileType = text.script.python; path = ForgeryTextTool.py; sourceTree = "<group>"; };
		C4CD5A0B0BFD381800A2A172 /* ForgeryTextureMode.py */ = {isa = PBXFileReference; fileEncoding = 30; lastKnownFileType = text.script.python; path = ForgeryTextureMode.py; sourceTree = "<group>"; };
		C4CD5A0C0BFD381800A2A172 /* ForgeryTexturePalette.py */ = {isa = PBXFileReference; fileEncoding = 30; lastKnownFileType = text.script.python; path = ForgeryTexturePalette.py; sourceTree = "<group>"; };
		C4CD5A0D0BFD381800A2A172 /* ForgeryTextureView.py */ = {isa = PBXFileReference; fileEncoding = 30; lastKnownFileType = text.script.python; path = ForgeryTextureView.py; sourceTree = "<group>"; };
		C4CD5A0E0BFD381800A2A172 /* ForgeryTool.py */ = {isa = PBXFileReference; fileEncoding = 30; lastKnownFileType = text.script.python; path = ForgeryTool.py; sourceTree = "<group>"; };
		C4CD5A0F0BFD381800A2A172 /* ForgeryToolPalette.py */ = {isa = PBXFileReference; fileEncoding = 30; lastKnownFileType = text.script.python; path = ForgeryToolPalette.py; sourceTree = "<group>"; };
		C4CD5A100BFD381800A2A172 /* ForgeryZoomTool.py */ = {isa = PBXFileReference; fileEncoding = 30; lastKnownFileType = text.script.python; path = ForgeryZoomTool.py; sourceTree = "<group>"; };
		C4CD5A110BFD381800A2A172 /* ForgerysceAExporter.py */ = {isa = PBXFileReference; fileEncoding = 30; lastKnownFileType = text.script.python; path = ForgerysceAExporter.py; sourceTree = "<group>"; };
		C4CD5A6E0BFD3F4400A2A172 /* ZoomOutCursor.png */ = {isa = PBXFileReference; lastKnownFileType = image.png; path = ZoomOutCursor.png; sourceTree = "<group>"; };
		C4CD5A6F0BFD3F4400A2A172 /* Bucket.png */ = {isa = PBXFileReference; lastKnownFileType = image.png; path = Bucket.png; sourceTree = "<group>"; };
		C4CD5A700BFD3F4400A2A172 /* Hand.png */ = {isa = PBXFileReference; lastKnownFileType = image.png; path = Hand.png; sourceTree = "<group>"; };
		C4CD5A710BFD3F4400A2A172 /* Arrow.png */ = {isa = PBXFileReference; lastKnownFileType = image.png; path = Arrow.png; sourceTree = "<group>"; };
		C4CD5A720BFD3F4400A2A172 /* Line.png */ = {isa = PBXFileReference; lastKnownFileType = image.png; path = Line.png; sourceTree = "<group>"; };
		C4CD5A730BFD3F4400A2A172 /* OpenHandCursor.png */ = {isa = PBXFileReference; lastKnownFileType = image.png; path = OpenHandCursor.png; sourceTree = "<group>"; };
		C4CD5A740BFD3F4400A2A172 /* CrossCursor.png */ = {isa = PBXFileReference; lastKnownFileType = image.png; path = CrossCursor.png; sourceTree = "<group>"; };
		C4CD5A750BFD3F4400A2A172 /* Skull.png */ = {isa = PBXFileReference; lastKnownFileType = image.png; path = Skull.png; sourceTree = "<group>"; };
		C4CD5A760BFD3F4400A2A172 /* Lens.png */ = {isa = PBXFileReference; lastKnownFileType = image.png; path = Lens.png; sourceTree = "<group>"; };
		C4CD5A770BFD3F4400A2A172 /* Text.png */ = {isa = PBXFileReference; lastKnownFileType = image.png; path = Text.png; sourceTree = "<group>"; };
		C4CD5A780BFD3F4400A2A172 /* ZoomInCursor.png */ = {isa = PBXFileReference; lastKnownFileType = image.png; path = ZoomInCursor.png; sourceTree = "<group>"; };
		C4CD5A790BFD3F4400A2A172 /* BucketCursor.png */ = {isa = PBXFileReference; lastKnownFileType = image.png; path = BucketCursor.png; sourceTree = "<group>"; };
		C4CD5A7A0BFD3F4400A2A172 /* Polygon.png */ = {isa = PBXFileReference; lastKnownFileType = image.png; path = Polygon.png; sourceTree = "<group>"; };
		C4CD5B040BFE985E00A2A172 /* ForgeryViewDelegate.py */ = {isa = PBXFileReference; fileEncoding = 4; lastKnownFileType = text.script.python; path = ForgeryViewDelegate.py; sourceTree = "<group>"; };
		C4CD5BEC0BFF61FD00A2A172 /* build.sh */ = {isa = PBXFileReference; fileEncoding = 4; lastKnownFileType = text.script.sh; path = build.sh; sourceTree = "<group>"; };
		C4D2A00A07FF563C00EDA198 /* setup.py */ = {isa = PBXFileReference; fileEncoding = 4; lastKnownFileType = text.script.python; path = setup.py; sourceTree = "<group>"; };
		C4D2A00E07FF576900EDA198 /* Forgery.py */ = {isa = PBXFileReference; fileEncoding = 4; lastKnownFileType = text.script.python; path = Forgery.py; sourceTree = "<group>"; };
		C4D2A01307FF5B0900EDA198 /* English */ = {isa = PBXFileReference; lastKnownFileType = wrapper.nib; name = English; path = English.lproj/MainMenu.nib; sourceTree = "<group>"; };
		C4D2A03507FF5BF800EDA198 /* ForgeryDocument.py */ = {isa = PBXFileReference; fileEncoding = 4; lastKnownFileType = text.script.python; path = ForgeryDocument.py; sourceTree = "<group>"; };
		C4D868F90C0B409F00C24903 /* ForgeryAlert.py */ = {isa = PBXFileReference; fileEncoding = 30; lastKnownFileType = text.script.python; path = ForgeryAlert.py; sourceTree = "<group>"; };
		C4D8690B0C0B5D2E00C24903 /* ForgeryApplication.py */ = {isa = PBXFileReference; fileEncoding = 30; lastKnownFileType = text.script.python; path = ForgeryApplication.py; sourceTree = "<group>"; };
		C4DAD4E60BFFB64F0040175F /* dist */ = {isa = PBXFileReference; lastKnownFileType = folder; path = dist; sourceTree = SOURCE_ROOT; };
		C4DAD7C80BFFB74C0040175F /* MANIFEST.in */ = {isa = PBXFileReference; fileEncoding = 4; lastKnownFileType = text; path = MANIFEST.in; sourceTree = "<group>"; };
		C4DAD7D10BFFB80F0040175F /* COPYING */ = {isa = PBXFileReference; fileEncoding = 30; lastKnownFileType = text; path = COPYING; sourceTree = "<group>"; };
		C4DAD7D20BFFB82C0040175F /* forgery.sh */ = {isa = PBXFileReference; fileEncoding = 30; lastKnownFileType = text.script.sh; path = forgery.sh; sourceTree = "<group>"; };
		C4DAD7D60BFFB8AF0040175F /* README */ = {isa = PBXFileReference; fileEncoding = 30; lastKnownFileType = text; path = README; sourceTree = "<group>"; };
		C4E30E3107FFA7A90043E6B0 /* Info.plist */ = {isa = PBXFileReference; explicitFileType = text.plist; fileEncoding = 4; path = Info.plist; sourceTree = "<group>"; };
/* End PBXFileReference section */

/* Begin PBXGroup section */
		C46230120BD2B85000A54125 /* Sample Data */ = {
			isa = PBXGroup;
			children = (
				C46230130BD2B87D00A54125 /* sample_map.sceB */,
			);
			name = "Sample Data";
			sourceTree = "<group>";
		};
		C495964F0BCFCE1300D4FE05 /* Products */ = {
			isa = PBXGroup;
			children = (
				C49596550BCFCE6A00D4FE05 /* Forgery.app */,
				C4DAD4E60BFFB64F0040175F /* dist */,
			);
			name = Products;
			path = ..;
			sourceTree = BUILT_PRODUCTS_DIR;
		};
		C4CD5BEE0BFF624C00A2A172 /* Scripts */ = {
			isa = PBXGroup;
			children = (
				C4CD5BEC0BFF61FD00A2A172 /* build.sh */,
				C4DAD7D20BFFB82C0040175F /* forgery.sh */,
			);
			name = Scripts;
			sourceTree = "<group>";
		};
		C4D29FE007FF53B000EDA198 = {
			isa = PBXGroup;
			children = (
				C46230120BD2B85000A54125 /* Sample Data */,
				C4D2A00607FF55F400EDA198 /* Classes */,
				C4D2A00507FF55D000EDA198 /* Main Script */,
				C4D2A00407FF55C400EDA198 /* Resources */,
				C4D2A01507FF5B3B00EDA198 /* Other Source */,
				C4CD5BEE0BFF624C00A2A172 /* Scripts */,
				C495964F0BCFCE1300D4FE05 /* Products */,
			);
			sourceTree = "<group>";
		};
		C4D2A00407FF55C400EDA198 /* Resources */ = {
			isa = PBXGroup;
			children = (
				C496AA9D0C26629E0074840E /* info.tiff */,
				C4CD5A710BFD3F4400A2A172 /* Arrow.png */,
				C4CD5A6F0BFD3F4400A2A172 /* Bucket.png */,
				C4CD5A790BFD3F4400A2A172 /* BucketCursor.png */,
				C4B992C80C0FA4D0002F0480 /* ClosedHandCursor.png */,
				C4CD5A740BFD3F4400A2A172 /* CrossCursor.png */,
				C4CD5A700BFD3F4400A2A172 /* Hand.png */,
				C4CD5A760BFD3F4400A2A172 /* Lens.png */,
				C4CD5A720BFD3F4400A2A172 /* Line.png */,
				C4CD5A730BFD3F4400A2A172 /* OpenHandCursor.png */,
				C4CD5A7A0BFD3F4400A2A172 /* Polygon.png */,
				C4CD5A750BFD3F4400A2A172 /* Skull.png */,
				C4CD5A770BFD3F4400A2A172 /* Text.png */,
				C4CD5A780BFD3F4400A2A172 /* ZoomInCursor.png */,
				C4CD5A6E0BFD3F4400A2A172 /* ZoomOutCursor.png */,
				C40FA6150C1937E300B4291F /* Forgery.icns */,
				C4D2A01407FF5B1C00EDA198 /* MainMenu.nib */,
				C4A2088B07FFDF390083055D /* ForgeryDocument.nib */,
				C42A25720C02958E0080C59D /* ForgeryInspector.nib */,
				C486713D0C025B2F007E6FA7 /* ForgeryPalette.nib */,
				C459F5D80C26DA8C006AEF27 /* info.tiff */,
			);
			name = Resources;
			sourceTree = "<group>";
		};
		C4D2A00507FF55D000EDA198 /* Main Script */ = {
			isa = PBXGroup;
			children = (
				C4D2A00E07FF576900EDA198 /* Forgery.py */,
			);
			name = "Main Script";
			sourceTree = "<group>";
		};
		C4D2A00607FF55F400EDA198 /* Classes */ = {
			isa = PBXGroup;
			children = (
				C4AAA31C0BFBA6D700C21BB6 /* ForgeryCommon.py */,
				C4D8690B0C0B5D2E00C24903 /* ForgeryApplication.py */,
				C4D868F90C0B409F00C24903 /* ForgeryAlert.py */,
				C4CD5A070BFD381800A2A172 /* ForgeryPreferences.py */,
				C4D2A03507FF5BF800EDA198 /* ForgeryDocument.py */,
				C4AAA36E0BFBF44E00C21BB6 /* ForgeryView.py */,
				C4983D770C1F1C1300BDACE4 /* ForgeryPoint.py */,
				C4CD5A030BFD381800A2A172 /* ForgeryMenuBar.py */,
				C45CC0340C0A010B00FA59B6 /* ForgeryUndoManager.py */,
				C4AAA2E60BFB964B00C21BB6 /* ForgeryMap.py */,
				C4A11A1F0BD1448100713599 /* ForgeryElements.py */,
				C4AAA3740BFBF72700C21BB6 /* ForgeryMode.py */,
				C4CD5B040BFE985E00A2A172 /* ForgeryViewDelegate.py */,
				C4CD5A050BFD381800A2A172 /* ForgeryPalette.py */,
				C4CD59FD0BFD373400A2A172 /* ForgeryDrawMode.py */,
				C4CD5A000BFD381800A2A172 /* ForgeryDrawView.py */,
				C4CD5A0F0BFD381800A2A172 /* ForgeryToolPalette.py */,
				C4CD5A0B0BFD381800A2A172 /* ForgeryTextureMode.py */,
				C4CD5A0D0BFD381800A2A172 /* ForgeryTextureView.py */,
				C4CD5A0C0BFD381800A2A172 /* ForgeryTexturePalette.py */,
				C47678D20C078DA800333705 /* ForgeryInspector.py */,
				C4B992C50C0FA45C002F0480 /* ForgeryCursor.py */,
				C4CD5A0E0BFD381800A2A172 /* ForgeryTool.py */,
				C4CD5A090BFD381800A2A172 /* ForgerySelectTool.py */,
				C4CD5A020BFD381800A2A172 /* ForgeryLineTool.py */,
				C4CD5A080BFD381800A2A172 /* ForgeryRegularPolygonTool.py */,
				C4CD5A010BFD381800A2A172 /* ForgeryFillTool.py */,
				C4CD5A060BFD381800A2A172 /* ForgeryPanTool.py */,
				C4CD5A100BFD381800A2A172 /* ForgeryZoomTool.py */,
				C4CD5A0A0BFD381800A2A172 /* ForgeryTextTool.py */,
				C4CD5A040BFD381800A2A172 /* ForgeryObjectTool.py */,
				C49596A30BCFD7E900D4FE05 /* ForgeryXMLParser.py */,
				C4CD5A110BFD381800A2A172 /* ForgerysceAExporter.py */,
			);
			name = Classes;
			sourceTree = "<group>";
		};
		C4D2A01507FF5B3B00EDA198 /* Other Source */ = {
			isa = PBXGroup;
			children = (
				C4D2A00A07FF563C00EDA198 /* setup.py */,
				C4E30E3107FFA7A90043E6B0 /* Info.plist */,
				C4DAD7C80BFFB74C0040175F /* MANIFEST.in */,
				C4DAD7D10BFFB80F0040175F /* COPYING */,
				C4DAD7D60BFFB8AF0040175F /* README */,
			);
			name = "Other Source";
			sourceTree = "<group>";
		};
/* End PBXGroup section */

/* Begin PBXLegacyTarget section */
		C495363B0BFF83EA001B1FA6 /* Build */ = {
			isa = PBXLegacyTarget;
			buildArgumentsString = "/bin/sh build.sh build";
			buildConfigurationList = C49536410BFF8446001B1FA6 /* Build configuration list for PBXLegacyTarget "Build" */;
			buildPhases = (
			);
			buildToolPath = /usr/bin/env;
			buildWorkingDirectory = "$(SRC_ROOT)";
			dependencies = (
			);
			name = Build;
			passBuildSettingsInEnvironment = 1;
			productName = Build;
		};
		C495365F0BFF876F001B1FA6 /* Clean */ = {
			isa = PBXLegacyTarget;
			buildArgumentsString = "/bin/sh build.sh clean $(ACTION)";
			buildConfigurationList = C49536620BFF87B1001B1FA6 /* Build configuration list for PBXLegacyTarget "Clean" */;
			buildPhases = (
			);
			buildToolPath = /usr/bin/env;
			buildWorkingDirectory = "$(SRC_ROOT)";
			dependencies = (
			);
			name = Clean;
			passBuildSettingsInEnvironment = 1;
			productName = Clean;
		};
		C4CD5C620BFF82AB00A2A172 /* Source Distribution */ = {
			isa = PBXLegacyTarget;
			buildArgumentsString = "/bin/sh build.sh sdist $(ACTION)";
			buildConfigurationList = C4CD5C630BFF82F100A2A172 /* Build configuration list for PBXLegacyTarget "Source Distribution" */;
			buildPhases = (
			);
			buildToolPath = /usr/bin/env;
			buildWorkingDirectory = "$(SRC_ROOT)";
			dependencies = (
			);
			name = "Source Distribution";
			passBuildSettingsInEnvironment = 1;
			productName = "Source Distribution";
		};
		C4DAD7F80BFFBD810040175F /* Binary Distribution */ = {
			isa = PBXLegacyTarget;
			buildArgumentsString = "/bin/sh build.sh bdist $(ACTION)";
			buildConfigurationList = C4DAD7F90BFFBD810040175F /* Build configuration list for PBXLegacyTarget "Binary Distribution" */;
			buildPhases = (
			);
			buildToolPath = /usr/bin/env;
			buildWorkingDirectory = "$(SRC_ROOT)";
			dependencies = (
			);
			name = "Binary Distribution";
			passBuildSettingsInEnvironment = 1;
			productName = "Source Distribution";
		};
/* End PBXLegacyTarget section */

/* Begin PBXProject section */
		C4D29FE407FF53B000EDA198 /* Project object */ = {
			isa = PBXProject;
			buildConfigurationList = C495963F0BCFCDC700D4FE05 /* Build configuration list for PBXProject "Forgery" */;
			hasScannedForEncodings = 0;
			mainGroup = C4D29FE007FF53B000EDA198;
			projectDirPath = "";
			targets = (
				C495363B0BFF83EA001B1FA6 /* Build */,
				C4CD5C620BFF82AB00A2A172 /* Source Distribution */,
				C4DAD7F80BFFBD810040175F /* Binary Distribution */,
				C495365F0BFF876F001B1FA6 /* Clean */,
			);
		};
/* End PBXProject section */

/* Begin PBXVariantGroup section */
		C42A25720C02958E0080C59D /* ForgeryInspector.nib */ = {
			isa = PBXVariantGroup;
			children = (
				C48671430C02684C007E6FA7 /* English */,
			);
			name = ForgeryInspector.nib;
			sourceTree = "<group>";
		};
		C4A2088B07FFDF390083055D /* ForgeryDocument.nib */ = {
			isa = PBXVariantGroup;
			children = (
				C4A2088C07FFDF390083055D /* English */,
			);
			name = ForgeryDocument.nib;
			sourceTree = "<group>";
		};
		C4D2A01407FF5B1C00EDA198 /* MainMenu.nib */ = {
			isa = PBXVariantGroup;
			children = (
				C4D2A01307FF5B0900EDA198 /* English */,
			);
			name = MainMenu.nib;
			sourceTree = "<group>";
		};
/* End PBXVariantGroup section */

/* Begin XCBuildConfiguration section */
		C49536420BFF8446001B1FA6 /* Development */ = {
			isa = XCBuildConfiguration;
			buildSettings = {
				COPY_PHASE_STRIP = NO;
				GCC_DYNAMIC_NO_PIC = NO;
				GCC_GENERATE_DEBUGGING_SYMBOLS = YES;
				GCC_OPTIMIZATION_LEVEL = 0;
				PRODUCT_NAME = Build;
			};
			name = Development;
		};
		C49536430BFF8446001B1FA6 /* Deployment */ = {
			isa = XCBuildConfiguration;
			buildSettings = {
				COPY_PHASE_STRIP = YES;
				GCC_ENABLE_FIX_AND_CONTINUE = NO;
				GCC_GENERATE_DEBUGGING_SYMBOLS = NO;
				PRODUCT_NAME = Build;
				ZERO_LINK = NO;
			};
			name = Deployment;
		};
		C49536440BFF8446001B1FA6 /* Default */ = {
			isa = XCBuildConfiguration;
			buildSettings = {
				PRODUCT_NAME = Build;
			};
			name = Default;
		};
		C49536630BFF87B1001B1FA6 /* Development */ = {
			isa = XCBuildConfiguration;
			buildSettings = {
				COPY_PHASE_STRIP = NO;
				GCC_DYNAMIC_NO_PIC = NO;
				GCC_GENERATE_DEBUGGING_SYMBOLS = YES;
				GCC_OPTIMIZATION_LEVEL = 0;
				PRODUCT_NAME = Clean;
			};
			name = Development;
		};
		C49536640BFF87B1001B1FA6 /* Deployment */ = {
			isa = XCBuildConfiguration;
			buildSettings = {
				COPY_PHASE_STRIP = YES;
				GCC_ENABLE_FIX_AND_CONTINUE = NO;
				GCC_GENERATE_DEBUGGING_SYMBOLS = NO;
				PRODUCT_NAME = Clean;
				ZERO_LINK = NO;
			};
			name = Deployment;
		};
		C49536650BFF87B1001B1FA6 /* Default */ = {
			isa = XCBuildConfiguration;
			buildSettings = {
				PRODUCT_NAME = Clean;
			};
			name = Default;
		};
		C49596400BCFCDC700D4FE05 /* Development */ = {
			isa = XCBuildConfiguration;
			buildSettings = {
			};
			name = Development;
		};
		C49596410BCFCDC700D4FE05 /* Deployment */ = {
			isa = XCBuildConfiguration;
			buildSettings = {
			};
			name = Deployment;
		};
		C49596420BCFCDC700D4FE05 /* Default */ = {
			isa = XCBuildConfiguration;
			buildSettings = {
			};
			name = Default;
		};
		C4CD5C640BFF82F100A2A172 /* Development */ = {
			isa = XCBuildConfiguration;
			buildSettings = {
				COPY_PHASE_STRIP = NO;
				GCC_DYNAMIC_NO_PIC = NO;
				GCC_GENERATE_DEBUGGING_SYMBOLS = YES;
				GCC_OPTIMIZATION_LEVEL = 0;
				PRODUCT_NAME = "Source Distribution";
			};
			name = Development;
		};
		C4CD5C650BFF82F100A2A172 /* Deployment */ = {
			isa = XCBuildConfiguration;
			buildSettings = {
				COPY_PHASE_STRIP = YES;
				GCC_ENABLE_FIX_AND_CONTINUE = NO;
				GCC_GENERATE_DEBUGGING_SYMBOLS = NO;
				PRODUCT_NAME = "Source Distribution";
				ZERO_LINK = NO;
			};
			name = Deployment;
		};
		C4CD5C660BFF82F100A2A172 /* Default */ = {
			isa = XCBuildConfiguration;
			buildSettings = {
				PRODUCT_NAME = "Source Distribution";
			};
			name = Default;
		};
		C4DAD7FA0BFFBD810040175F /* Development */ = {
			isa = XCBuildConfiguration;
			buildSettings = {
				COPY_PHASE_STRIP = NO;
				GCC_DYNAMIC_NO_PIC = NO;
				GCC_GENERATE_DEBUGGING_SYMBOLS = YES;
				GCC_OPTIMIZATION_LEVEL = 0;
				PRODUCT_NAME = "Source Distribution";
			};
			name = Development;
		};
		C4DAD7FB0BFFBD810040175F /* Deployment */ = {
			isa = XCBuildConfiguration;
			buildSettings = {
				COPY_PHASE_STRIP = YES;
				GCC_ENABLE_FIX_AND_CONTINUE = NO;
				GCC_GENERATE_DEBUGGING_SYMBOLS = NO;
				PRODUCT_NAME = "Binary Distribution";
				ZERO_LINK = NO;
			};
			name = Deployment;
		};
		C4DAD7FC0BFFBD810040175F /* Default */ = {
			isa = XCBuildConfiguration;
			buildSettings = {
				PRODUCT_NAME = "Source Distribution";
			};
			name = Default;
		};
/* End XCBuildConfiguration section */

/* Begin XCConfigurationList section */
		C49536410BFF8446001B1FA6 /* Build configuration list for PBXLegacyTarget "Build" */ = {
			isa = XCConfigurationList;
			buildConfigurations = (
				C49536420BFF8446001B1FA6 /* Development */,
				C49536430BFF8446001B1FA6 /* Deployment */,
				C49536440BFF8446001B1FA6 /* Default */,
			);
			defaultConfigurationIsVisible = 0;
			defaultConfigurationName = Default;
		};
		C49536620BFF87B1001B1FA6 /* Build configuration list for PBXLegacyTarget "Clean" */ = {
			isa = XCConfigurationList;
			buildConfigurations = (
				C49536630BFF87B1001B1FA6 /* Development */,
				C49536640BFF87B1001B1FA6 /* Deployment */,
				C49536650BFF87B1001B1FA6 /* Default */,
			);
			defaultConfigurationIsVisible = 0;
			defaultConfigurationName = Default;
		};
		C495963F0BCFCDC700D4FE05 /* Build configuration list for PBXProject "Forgery" */ = {
			isa = XCConfigurationList;
			buildConfigurations = (
				C49596400BCFCDC700D4FE05 /* Development */,
				C49596410BCFCDC700D4FE05 /* Deployment */,
				C49596420BCFCDC700D4FE05 /* Default */,
			);
			defaultConfigurationIsVisible = 0;
			defaultConfigurationName = Default;
		};
		C4CD5C630BFF82F100A2A172 /* Build configuration list for PBXLegacyTarget "Source Distribution" */ = {
			isa = XCConfigurationList;
			buildConfigurations = (
				C4CD5C640BFF82F100A2A172 /* Development */,
				C4CD5C650BFF82F100A2A172 /* Deployment */,
				C4CD5C660BFF82F100A2A172 /* Default */,
			);
			defaultConfigurationIsVisible = 0;
			defaultConfigurationName = Default;
		};
		C4DAD7F90BFFBD810040175F /* Build configuration list for PBXLegacyTarget "Binary Distribution" */ = {
			isa = XCConfigurationList;
			buildConfigurations = (
				C4DAD7FA0BFFBD810040175F /* Development */,
				C4DAD7FB0BFFBD810040175F /* Deployment */,
				C4DAD7FC0BFFBD810040175F /* Default */,
			);
			defaultConfigurationIsVisible = 0;
			defaultConfigurationName = Default;
		};
/* End XCConfigurationList section */
	};
	rootObject = C4D29FE407FF53B000EDA198 /* Project object */;
}
